
Microsoft Visual Studio Solution File, Format Version 12.00
# Visual Studio 2013
VisualStudioVersion = 12.0.21005.1
MinimumVisualStudioVersion = 10.0.40219.1
Project("{FAE04EC0-301F-11D3-BF4B-00C04F79EFBC}") = "NugetDemo", "NugetDemo\NugetDemo.csproj", "{13933303-B33C-4A19-81CB-8C09A7E6561F}"
EndProject
Project("{FAE04EC0-301F-11D3-BF4B-00C04F79EFBC}") = "TestNuget", "TestNuget\TestNuget.csproj", "{48C121C3-27BC-4C3F-97FB-277B55E78741}"
EndProject
Global
	GlobalSection(SolutionConfigurationPlatforms) = preSolution
		Debug|Any CPU = Debug|Any CPU
		Release|Any CPU = Release|Any CPU
	EndGlobalSection
	GlobalSection(ProjectConfigurationPlatforms) = postSolution
		{13933303-B33C-4A19-81CB-8C09A7E6561F}.Debug|Any CPU.ActiveCfg = Debug|Any CPU
		{13933303-B33C-4A19-81CB-8C09A7E6561F}.Debug|Any CPU.Build.0 = Debug|Any CPU
		{13933303-B33C-4A19-81CB-8C09A7E6561F}.Release|Any CPU.ActiveCfg = Release|Any CPU
		{13933303-B33C-4A19-81CB-8C09A7E6561F}.Release|Any CPU.Build.0 = Release|Any CPU
		{48C121C3-27BC-4C3F-97FB-277B55E78741}.Debug|Any CPU.ActiveCfg = Debug|Any CPU
		{48C121C3-27BC-4C3F-97FB-277B55E78741}.Debug|Any CPU.Build.0 = Debug|Any CPU
		{48C121C3-27BC-4C3F-97FB-277B55E78741}.Release|Any CPU.ActiveCfg = Release|Any CPU
		{48C121C3-27BC-4C3F-97FB-277B55E78741}.Release|Any CPU.Build.0 = Release|Any CPU
	EndGlobalSection
	GlobalSection(SolutionProperties) = preSolution
		HideSolutionNode = FALSE
	EndGlobalSection
EndGlobal
